
Microsoft Visual Studio Solution File, Format Version 12.00
# Visual Studio Version 17
VisualStudioVersion = 17.7.34031.279
MinimumVisualStudioVersion = 10.0.40219.1
Project("{8BC9CEB8-8B4A-11D0-8D11-00A0C91BC942}") = "实验1-递归算法", "实验1-递归算法\实验1-递归算法.vcxproj", "{2C044CCB-E2CB-48FF-BAA6-6F2C60D11223}"
EndProject
Global
	GlobalSection(SolutionConfigurationPlatforms) = preSolution
		Debug|x64 = Debug|x64
		Debug|x86 = Debug|x86
		Release|x64 = Release|x64
		Release|x86 = Release|x86
	EndGlobalSection
	GlobalSection(ProjectConfigurationPlatforms) = postSolution
		{2C044CCB-E2CB-48FF-BAA6-6F2C60D11223}.Debug|x64.ActiveCfg = Debug|x64
		{2C044CCB-E2CB-48FF-BAA6-6F2C60D11223}.Debug|x64.Build.0 = Debug|x64
		{2C044CCB-E2CB-48FF-BAA6-6F2C60D11223}.Debug|x86.ActiveCfg = Debug|Win32
		{2C044CCB-E2CB-48FF-BAA6-6F2C60D11223}.Debug|x86.Build.0 = Debug|Win32
		{2C044CCB-E2CB-48FF-BAA6-6F2C60D11223}.Release|x64.ActiveCfg = Release|x64
		{2C044CCB-E2CB-48FF-BAA6-6F2C60D11223}.Release|x64.Build.0 = Release|x64
		{2C044CCB-E2CB-48FF-BAA6-6F2C60D11223}.Release|x86.ActiveCfg = Release|Win32
		{2C044CCB-E2CB-48FF-BAA6-6F2C60D11223}.Release|x86.Build.0 = Release|Win32
	EndGlobalSection
	GlobalSection(SolutionProperties) = preSolution
		HideSolutionNode = FALSE
	EndGlobalSection
	GlobalSection(ExtensibilityGlobals) = postSolution
		SolutionGuid = {5C3C25A0-3D7F-4C4C-865A-91510826C1CB}
	EndGlobalSection
EndGlobal
